
Microsoft Visual Studio Solution File, Format Version 12.00
# Visual Studio Version 17
VisualStudioVersion = 17.14.36414.22 d17.14
MinimumVisualStudioVersion = 10.0.40219.1
Project("{FAE04EC0-301F-11D3-BF4B-00C04F79EFBC}") = "RESharp_Test", "RESharp_Test.csproj", "{D237A3A3-BF51-4B3E-A43A-C1191A1F05AF}"
EndProject
Global
	GlobalSection(SolutionConfigurationPlatforms) = preSolution
		Debug|Any CPU = Debug|Any CPU
		Release|Any CPU = Release|Any CPU
	EndGlobalSection
	GlobalSection(ProjectConfigurationPlatforms) = postSolution
		{D237A3A3-BF51-4B3E-A43A-C1191A1F05AF}.Debug|Any CPU.ActiveCfg = Debug|Any CPU
		{D237A3A3-BF51-4B3E-A43A-C1191A1F05AF}.Debug|Any CPU.Build.0 = Debug|Any CPU
		{D237A3A3-BF51-4B3E-A43A-C1191A1F05AF}.Release|Any CPU.ActiveCfg = Release|Any CPU
		{D237A3A3-BF51-4B3E-A43A-C1191A1F05AF}.Release|Any CPU.Build.0 = Release|Any CPU
	EndGlobalSection
	GlobalSection(SolutionProperties) = preSolution
		HideSolutionNode = FALSE
	EndGlobalSection
	GlobalSection(ExtensibilityGlobals) = postSolution
		SolutionGuid = {CE7B0E54-A9F2-40D6-8319-ABBE5D7AF645}
	EndGlobalSection
EndGlobal
