
Microsoft Visual Studio Solution File, Format Version 12.00
# Visual Studio Version 17
VisualStudioVersion = 17.14.36414.22 d17.14
MinimumVisualStudioVersion = 10.0.40219.1
Project("{FAE04EC0-301F-11D3-BF4B-00C04F79EFBC}") = "CrystalShop(hw_6)", "CrystalShop(hw_6).csproj", "{08216B9F-56BF-4110-A03E-98886E6B6F76}"
EndProject
Global
	GlobalSection(SolutionConfigurationPlatforms) = preSolution
		Debug|Any CPU = Debug|Any CPU
		Release|Any CPU = Release|Any CPU
	EndGlobalSection
	GlobalSection(ProjectConfigurationPlatforms) = postSolution
		{08216B9F-56BF-4110-A03E-98886E6B6F76}.Debug|Any CPU.ActiveCfg = Debug|Any CPU
		{08216B9F-56BF-4110-A03E-98886E6B6F76}.Debug|Any CPU.Build.0 = Debug|Any CPU
		{08216B9F-56BF-4110-A03E-98886E6B6F76}.Release|Any CPU.ActiveCfg = Release|Any CPU
		{08216B9F-56BF-4110-A03E-98886E6B6F76}.Release|Any CPU.Build.0 = Release|Any CPU
	EndGlobalSection
	GlobalSection(SolutionProperties) = preSolution
		HideSolutionNode = FALSE
	EndGlobalSection
	GlobalSection(ExtensibilityGlobals) = postSolution
		SolutionGuid = {B9BA6184-B00C-435F-B341-6B09EDD23E5F}
	EndGlobalSection
EndGlobal
