
Microsoft Visual Studio Solution File, Format Version 12.00
# Visual Studio Version 17
VisualStudioVersion = 17.14.36414.22 d17.14
MinimumVisualStudioVersion = 10.0.40219.1
Project("{FAE04EC0-301F-11D3-BF4B-00C04F79EFBC}") = "ExitControl", "ExitControl.csproj", "{1A696314-BD1F-4DC4-AFC1-96A7BB2C7EF3}"
EndProject
Global
	GlobalSection(SolutionConfigurationPlatforms) = preSolution
		Debug|Any CPU = Debug|Any CPU
		Release|Any CPU = Release|Any CPU
	EndGlobalSection
	GlobalSection(ProjectConfigurationPlatforms) = postSolution
		{1A696314-BD1F-4DC4-AFC1-96A7BB2C7EF3}.Debug|Any CPU.ActiveCfg = Debug|Any CPU
		{1A696314-BD1F-4DC4-AFC1-96A7BB2C7EF3}.Debug|Any CPU.Build.0 = Debug|Any CPU
		{1A696314-BD1F-4DC4-AFC1-96A7BB2C7EF3}.Release|Any CPU.ActiveCfg = Release|Any CPU
		{1A696314-BD1F-4DC4-AFC1-96A7BB2C7EF3}.Release|Any CPU.Build.0 = Release|Any CPU
	EndGlobalSection
	GlobalSection(SolutionProperties) = preSolution
		HideSolutionNode = FALSE
	EndGlobalSection
	GlobalSection(ExtensibilityGlobals) = postSolution
		SolutionGuid = {F775DF15-D929-4459-8300-ABC9ADE5A5AF}
	EndGlobalSection
EndGlobal
